# THIS IS AN AUTOGENERATED FILE. DO NOT EDIT THIS FILE DIRECTLY.
# yarn lockfile v1


purecss@^2.1.0:
  version "2.1.0"
  resolved "https://registry.yarnpkg.com/purecss/-/purecss-2.1.0.tgz#7d7eca2896e57a75cf7620ccf73aa42ded4ddc97"
  integrity sha512-QIgWhat8QkHTXdejFJNwZuw0pZ7Mj0MHILHNz8sV6HZBfbWtHpW3b1+Q1D6W/9x4chFhaq9u4+Uk8YbwELzsXg==
